
Microsoft Visual Studio Solution File, Format Version 12.00
# Visual Studio Version 16
VisualStudioVersion = 16.0.29324.140
MinimumVisualStudioVersion = 10.0.40219.1
Project("{9A19103F-16F7-4668-BE54-9A1E7A4F7556}") = "ThisNetworks.OrchardCore.AdminTree", "ThisNetworks.OrchardCore.AdminTree.csproj", "{B7F93F79-360E-4431-A4AC-04F9906A8E06}"
EndProject
Global
	GlobalSection(SolutionConfigurationPlatforms) = preSolution
		Debug|Any CPU = Debug|Any CPU
		MyGet_Debug|Any CPU = MyGet_Debug|Any CPU
		MyGet_Release|Any CPU = MyGet_Release|Any CPU
		Release|Any CPU = Release|Any CPU
	EndGlobalSection
	GlobalSection(ProjectConfigurationPlatforms) = postSolution
		{B7F93F79-360E-4431-A4AC-04F9906A8E06}.Debug|Any CPU.ActiveCfg = Debug|Any CPU
		{B7F93F79-360E-4431-A4AC-04F9906A8E06}.Debug|Any CPU.Build.0 = Debug|Any CPU
		{B7F93F79-360E-4431-A4AC-04F9906A8E06}.MyGet_Debug|Any CPU.ActiveCfg = Debug|Any CPU
		{B7F93F79-360E-4431-A4AC-04F9906A8E06}.MyGet_Debug|Any CPU.Build.0 = Debug|Any CPU
		{B7F93F79-360E-4431-A4AC-04F9906A8E06}.MyGet_Release|Any CPU.ActiveCfg = Release|Any CPU
		{B7F93F79-360E-4431-A4AC-04F9906A8E06}.MyGet_Release|Any CPU.Build.0 = Release|Any CPU
		{B7F93F79-360E-4431-A4AC-04F9906A8E06}.Release|Any CPU.ActiveCfg = Release|Any CPU
		{B7F93F79-360E-4431-A4AC-04F9906A8E06}.Release|Any CPU.Build.0 = Release|Any CPU
	EndGlobalSection
	GlobalSection(SolutionProperties) = preSolution
		HideSolutionNode = FALSE
	EndGlobalSection
	GlobalSection(ExtensibilityGlobals) = postSolution
		SolutionGuid = {6B7F02A6-61DA-4847-A3C8-96E85102CE79}
	EndGlobalSection
EndGlobal
